// !$*UTF8*$!
{
	archiveVersion = 1;
	classes = {
	};
	objectVersion = 56;
	objects = {

/* Begin PBXBuildFile section */
		2E305C50299DAB7D0040BF54 /* Realm in Frameworks */ = {isa = PBXBuildFile; productRef = 2E305C4F299DAB7D0040BF54 /* Realm */; };
		2E305C52299DAB7D0040BF54 /* RealmSwift in Frameworks */ = {isa = PBXBuildFile; productRef = 2E305C51299DAB7D0040BF54 /* RealmSwift */; };
		2E305C54299DAC680040BF54 /* RunModel.swift in Sources */ = {isa = PBXBuildFile; fileRef = 2E305C53299DAC680040BF54 /* RunModel.swift */; };
		2E305C56299DB1B90040BF54 /* Constants.swift in Sources */ = {isa = PBXBuildFile; fileRef = 2E305C55299DB1B90040BF54 /* Constants.swift */; };
		2EAAD4D4299C58CD00BF0394 /* Extensions.swift in Sources */ = {isa = PBXBuildFile; fileRef = 2EAAD4D3299C58CD00BF0394 /* Extensions.swift */; };
		2ED08011299EFC9E006CAD6C /* RunLogCell.swift in Sources */ = {isa = PBXBuildFile; fileRef = 2ED08010299EFC9E006CAD6C /* RunLogCell.swift */; };
		2EDEC0AF299BF84E00A6984E /* RunLogViewController.swift in Sources */ = {isa = PBXBuildFile; fileRef = 2EDEC0AE299BF84E00A6984E /* RunLogViewController.swift */; };
		2EDEC0B1299BFDD100A6984E /* CurrentRunViewController.swift in Sources */ = {isa = PBXBuildFile; fileRef = 2EDEC0B0299BFDD100A6984E /* CurrentRunViewController.swift */; };
		2EDEC0B3299C1FB800A6984E /* LocationViewController.swift in Sources */ = {isa = PBXBuildFile; fileRef = 2EDEC0B2299C1FB800A6984E /* LocationViewController.swift */; };
		2EF31916299BEEF20064615E /* AppDelegate.swift in Sources */ = {isa = PBXBuildFile; fileRef = 2EF31915299BEEF20064615E /* AppDelegate.swift */; };
		2EF31918299BEEF20064615E /* SceneDelegate.swift in Sources */ = {isa = PBXBuildFile; fileRef = 2EF31917299BEEF20064615E /* SceneDelegate.swift */; };
		2EF3191A299BEEF20064615E /* BeginRunViewController.swift in Sources */ = {isa = PBXBuildFile; fileRef = 2EF31919299BEEF20064615E /* BeginRunViewController.swift */; };
		2EF3191D299BEEF20064615E /* Main.storyboard in Resources */ = {isa = PBXBuildFile; fileRef = 2EF3191B299BEEF20064615E /* Main.storyboard */; };
		2EF3191F299BEEF40064615E /* Assets.xcassets in Resources */ = {isa = PBXBuildFile; fileRef = 2EF3191E299BEEF40064615E /* Assets.xcassets */; };
		2EF31922299BEEF40064615E /* LaunchScreen.storyboard in Resources */ = {isa = PBXBuildFile; fileRef = 2EF31920299BEEF40064615E /* LaunchScreen.storyboard */; };
/* End PBXBuildFile section */

/* Begin PBXFileReference section */
		2E305C53299DAC680040BF54 /* RunModel.swift */ = {isa = PBXFileReference; lastKnownFileType = sourcecode.swift; path = RunModel.swift; sourceTree = "<group>"; };
		2E305C55299DB1B90040BF54 /* Constants.swift */ = {isa = PBXFileReference; lastKnownFileType = sourcecode.swift; path = Constants.swift; sourceTree = "<group>"; };
		2EAAD4D3299C58CD00BF0394 /* Extensions.swift */ = {isa = PBXFileReference; lastKnownFileType = sourcecode.swift; path = Extensions.swift; sourceTree = "<group>"; };
		2ED08010299EFC9E006CAD6C /* RunLogCell.swift */ = {isa = PBXFileReference; lastKnownFileType = sourcecode.swift; path = RunLogCell.swift; sourceTree = "<group>"; };
		2EDEC0AE299BF84E00A6984E /* RunLogViewController.swift */ = {isa = PBXFileReference; lastKnownFileType = sourcecode.swift; path = RunLogViewController.swift; sourceTree = "<group>"; };
		2EDEC0B0299BFDD100A6984E /* CurrentRunViewController.swift */ = {isa = PBXFileReference; lastKnownFileType = sourcecode.swift; path = CurrentRunViewController.swift; sourceTree = "<group>"; };
		2EDEC0B2299C1FB800A6984E /* LocationViewController.swift */ = {isa = PBXFileReference; lastKnownFileType = sourcecode.swift; path = LocationViewController.swift; sourceTree = "<group>"; };
		2EF31912299BEEF20064615E /* Treads.app */ = {isa = PBXFileReference; explicitFileType = wrapper.application; includeInIndex = 0; path = Treads.app; sourceTree = BUILT_PRODUCTS_DIR; };
		2EF31915299BEEF20064615E /* AppDelegate.swift */ = {isa = PBXFileReference; lastKnownFileType = sourcecode.swift; path = AppDelegate.swift; sourceTree = "<group>"; };
		2EF31917299BEEF20064615E /* SceneDelegate.swift */ = {isa = PBXFileReference; lastKnownFileType = sourcecode.swift; path = SceneDelegate.swift; sourceTree = "<group>"; };
		2EF31919299BEEF20064615E /* BeginRunViewController.swift */ = {isa = PBXFileReference; lastKnownFileType = sourcecode.swift; path = BeginRunViewController.swift; sourceTree = "<group>"; };
		2EF3191C299BEEF20064615E /* Base */ = {isa = PBXFileReference; lastKnownFileType = file.storyboard; name = Base; path = Base.lproj/Main.storyboard; sourceTree = "<group>"; };
		2EF3191E299BEEF40064615E /* Assets.xcassets */ = {isa = PBXFileReference; lastKnownFileType = folder.assetcatalog; path = Assets.xcassets; sourceTree = "<group>"; };
		2EF31921299BEEF40064615E /* Base */ = {isa = PBXFileReference; lastKnownFileType = file.storyboard; name = Base; path = Base.lproj/LaunchScreen.storyboard; sourceTree = "<group>"; };
		2EF31923299BEEF40064615E /* Info.plist */ = {isa = PBXFileReference; lastKnownFileType = text.plist.xml; path = Info.plist; sourceTree = "<group>"; };
/* End PBXFileReference section */

/* Begin PBXFrameworksBuildPhase section */
		2EF3190F299BEEF20064615E /* Frameworks */ = {
			isa = PBXFrameworksBuildPhase;
			buildActionMask = 2147483647;
			files = (
				2E305C52299DAB7D0040BF54 /* RealmSwift in Frameworks */,
				2E305C50299DAB7D0040BF54 /* Realm in Frameworks */,
			);
			runOnlyForDeploymentPostprocessing = 0;
		};
/* End PBXFrameworksBuildPhase section */

/* Begin PBXGroup section */
		2EDEC0A8299BF37B00A6984E /* Resources */ = {
			isa = PBXGroup;
			children = (
			);
			path = Resources;
			sourceTree = "<group>";
		};
		2EDEC0A9299BF38100A6984E /* Extensions */ = {
			isa = PBXGroup;
			children = (
				2EAAD4D3299C58CD00BF0394 /* Extensions.swift */,
			);
			path = Extensions;
			sourceTree = "<group>";
		};
		2EDEC0AA299BF38800A6984E /* Utilities */ = {
			isa = PBXGroup;
			children = (
				2E305C55299DB1B90040BF54 /* Constants.swift */,
			);
			path = Utilities;
			sourceTree = "<group>";
		};
		2EDEC0AB299BF39400A6984E /* Controllers */ = {
			isa = PBXGroup;
			children = (
				2EF31919299BEEF20064615E /* BeginRunViewController.swift */,
				2EDEC0AE299BF84E00A6984E /* RunLogViewController.swift */,
				2EDEC0B0299BFDD100A6984E /* CurrentRunViewController.swift */,
				2EDEC0B2299C1FB800A6984E /* LocationViewController.swift */,
			);
			path = Controllers;
			sourceTree = "<group>";
		};
		2EDEC0AC299BF39B00A6984E /* Views */ = {
			isa = PBXGroup;
			children = (
				2ED08010299EFC9E006CAD6C /* RunLogCell.swift */,
			);
			path = Views;
			sourceTree = "<group>";
		};
		2EDEC0AD299BF3A500A6984E /* Models */ = {
			isa = PBXGroup;
			children = (
				2E305C53299DAC680040BF54 /* RunModel.swift */,
			);
			path = Models;
			sourceTree = "<group>";
		};
		2EF31909299BEEF20064615E = {
			isa = PBXGroup;
			children = (
				2EF31914299BEEF20064615E /* Treads */,
				2EF31913299BEEF20064615E /* Products */,
			);
			sourceTree = "<group>";
		};
		2EF31913299BEEF20064615E /* Products */ = {
			isa = PBXGroup;
			children = (
				2EF31912299BEEF20064615E /* Treads.app */,
			);
			name = Products;
			sourceTree = "<group>";
		};
		2EF31914299BEEF20064615E /* Treads */ = {
			isa = PBXGroup;
			children = (
				2EDEC0AD299BF3A500A6984E /* Models */,
				2EDEC0AC299BF39B00A6984E /* Views */,
				2EDEC0AB299BF39400A6984E /* Controllers */,
				2EDEC0AA299BF38800A6984E /* Utilities */,
				2EDEC0A9299BF38100A6984E /* Extensions */,
				2EDEC0A8299BF37B00A6984E /* Resources */,
				2EF31915299BEEF20064615E /* AppDelegate.swift */,
				2EF31917299BEEF20064615E /* SceneDelegate.swift */,
				2EF3191B299BEEF20064615E /* Main.storyboard */,
				2EF3191E299BEEF40064615E /* Assets.xcassets */,
				2EF31920299BEEF40064615E /* LaunchScreen.storyboard */,
				2EF31923299BEEF40064615E /* Info.plist */,
			);
			path = Treads;
			sourceTree = "<group>";
		};
/* End PBXGroup section */

/* Begin PBXNativeTarget section */
		2EF31911299BEEF20064615E /* Treads */ = {
			isa = PBXNativeTarget;
			buildConfigurationList = 2EF31926299BEEF40064615E /* Build configuration list for PBXNativeTarget "Treads" */;
			buildPhases = (
				2EF3190E299BEEF20064615E /* Sources */,
				2EF3190F299BEEF20064615E /* Frameworks */,
				2EF31910299BEEF20064615E /* Resources */,
			);
			buildRules = (
			);
			dependencies = (
			);
			name = Treads;
			packageProductDependencies = (
				2E305C4F299DAB7D0040BF54 /* Realm */,
				2E305C51299DAB7D0040BF54 /* RealmSwift */,
			);
			productName = Treads;
			productReference = 2EF31912299BEEF20064615E /* Treads.app */;
			productType = "com.apple.product-type.application";
		};
/* End PBXNativeTarget section */

/* Begin PBXProject section */
		2EF3190A299BEEF20064615E /* Project object */ = {
			isa = PBXProject;
			attributes = {
				BuildIndependentTargetsInParallel = 1;
				LastSwiftUpdateCheck = 1420;
				LastUpgradeCheck = 1420;
				TargetAttributes = {
					2EF31911299BEEF20064615E = {
						CreatedOnToolsVersion = 14.2;
					};
				};
			};
			buildConfigurationList = 2EF3190D299BEEF20064615E /* Build configuration list for PBXProject "Treads" */;
			compatibilityVersion = "Xcode 14.0";
			developmentRegion = en;
			hasScannedForEncodings = 0;
			knownRegions = (
				en,
				Base,
			);
			mainGroup = 2EF31909299BEEF20064615E;
			packageReferences = (
				2E305C4E299DAB7D0040BF54 /* XCRemoteSwiftPackageReference "realm-swift" */,
			);
			productRefGroup = 2EF31913299BEEF20064615E /* Products */;
			projectDirPath = "";
			projectRoot = "";
			targets = (
				2EF31911299BEEF20064615E /* Treads */,
			);
		};
/* End PBXProject section */

/* Begin PBXResourcesBuildPhase section */
		2EF31910299BEEF20064615E /* Resources */ = {
			isa = PBXResourcesBuildPhase;
			buildActionMask = 2147483647;
			files = (
				2EF31922299BEEF40064615E /* LaunchScreen.storyboard in Resources */,
				2EF3191F299BEEF40064615E /* Assets.xcassets in Resources */,
				2EF3191D299BEEF20064615E /* Main.storyboard in Resources */,
			);
			runOnlyForDeploymentPostprocessing = 0;
		};
/* End PBXResourcesBuildPhase section */

/* Begin PBXSourcesBuildPhase section */
		2EF3190E299BEEF20064615E /* Sources */ = {
			isa = PBXSourcesBuildPhase;
			buildActionMask = 2147483647;
			files = (
				2EF3191A299BEEF20064615E /* BeginRunViewController.swift in Sources */,
				2EDEC0B1299BFDD100A6984E /* CurrentRunViewController.swift in Sources */,
				2EF31916299BEEF20064615E /* AppDelegate.swift in Sources */,
				2EDEC0B3299C1FB800A6984E /* LocationViewController.swift in Sources */,
				2ED08011299EFC9E006CAD6C /* RunLogCell.swift in Sources */,
				2EF31918299BEEF20064615E /* SceneDelegate.swift in Sources */,
				2EDEC0AF299BF84E00A6984E /* RunLogViewController.swift in Sources */,
				2EAAD4D4299C58CD00BF0394 /* Extensions.swift in Sources */,
				2E305C54299DAC680040BF54 /* RunModel.swift in Sources */,
				2E305C56299DB1B90040BF54 /* Constants.swift in Sources */,
			);
			runOnlyForDeploymentPostprocessing = 0;
		};
/* End PBXSourcesBuildPhase section */

/* Begin PBXVariantGroup section */
		2EF3191B299BEEF20064615E /* Main.storyboard */ = {
			isa = PBXVariantGroup;
			children = (
				2EF3191C299BEEF20064615E /* Base */,
			);
			name = Main.storyboard;
			sourceTree = "<group>";
		};
		2EF31920299BEEF40064615E /* LaunchScreen.storyboard */ = {
			isa = PBXVariantGroup;
			children = (
				2EF31921299BEEF40064615E /* Base */,
			);
			name = LaunchScreen.storyboard;
			sourceTree = "<group>";
		};
/* End PBXVariantGroup section */

/* Begin XCBuildConfiguration section */
		2EF31924299BEEF40064615E /* Debug */ = {
			isa = XCBuildConfiguration;
			buildSettings = {
				ALWAYS_SEARCH_USER_PATHS = NO;
				CLANG_ANALYZER_NONNULL = YES;
				CLANG_ANALYZER_NUMBER_OBJECT_CONVERSION = YES_AGGRESSIVE;
				CLANG_CXX_LANGUAGE_STANDARD = "gnu++20";
				CLANG_ENABLE_MODULES = YES;
				CLANG_ENABLE_OBJC_ARC = YES;
				CLANG_ENABLE_OBJC_WEAK = YES;
				CLANG_WARN_BLOCK_CAPTURE_AUTORELEASING = YES;
				CLANG_WARN_BOOL_CONVERSION = YES;
				CLANG_WARN_COMMA = YES;
				CLANG_WARN_CONSTANT_CONVERSION = YES;
				CLANG_WARN_DEPRECATED_OBJC_IMPLEMENTATIONS = YES;
				CLANG_WARN_DIRECT_OBJC_ISA_USAGE = YES_ERROR;
				CLANG_WARN_DOCUMENTATION_COMMENTS = YES;
				CLANG_WARN_EMPTY_BODY = YES;
				CLANG_WARN_ENUM_CONVERSION = YES;
				CLANG_WARN_INFINITE_RECURSION = YES;
				CLANG_WARN_INT_CONVERSION = YES;
				CLANG_WARN_NON_LITERAL_NULL_CONVERSION = YES;
				CLANG_WARN_OBJC_IMPLICIT_RETAIN_SELF = YES;
				CLANG_WARN_OBJC_LITERAL_CONVERSION = YES;
				CLANG_WARN_OBJC_ROOT_CLASS = YES_ERROR;
				CLANG_WARN_QUOTED_INCLUDE_IN_FRAMEWORK_HEADER = YES;
				CLANG_WARN_RANGE_LOOP_ANALYSIS = YES;
				CLANG_WARN_STRICT_PROTOTYPES = YES;
				CLANG_WARN_SUSPICIOUS_MOVE = YES;
				CLANG_WARN_UNGUARDED_AVAILABILITY = YES_AGGRESSIVE;
				CLANG_WARN_UNREACHABLE_CODE = YES;
				CLANG_WARN__DUPLICATE_METHOD_MATCH = YES;
				COPY_PHASE_STRIP = NO;
				DEBUG_INFORMATION_FORMAT = dwarf;
				ENABLE_STRICT_OBJC_MSGSEND = YES;
				ENABLE_TESTABILITY = YES;
				GCC_C_LANGUAGE_STANDARD = gnu11;
				GCC_DYNAMIC_NO_PIC = NO;
				GCC_NO_COMMON_BLOCKS = YES;
				GCC_OPTIMIZATION_LEVEL = 0;
				GCC_PREPROCESSOR_DEFINITIONS = (
					"DEBUG=1",
					"$(inherited)",
				);
				GCC_WARN_64_TO_32_BIT_CONVERSION = YES;
				GCC_WARN_ABOUT_RETURN_TYPE = YES_ERROR;
				GCC_WARN_UNDECLARED_SELECTOR = YES;
				GCC_WARN_UNINITIALIZED_AUTOS = YES_AGGRESSIVE;
				GCC_WARN_UNUSED_FUNCTION = YES;
				GCC_WARN_UNUSED_VARIABLE = YES;
				IPHONEOS_DEPLOYMENT_TARGET = 16.2;
				MTL_ENABLE_DEBUG_INFO = INCLUDE_SOURCE;
				MTL_FAST_MATH = YES;
				ONLY_ACTIVE_ARCH = YES;
				SDKROOT = iphoneos;
				SWIFT_ACTIVE_COMPILATION_CONDITIONS = DEBUG;
				SWIFT_OPTIMIZATION_LEVEL = "-Onone";
			};
			name = Debug;
		};
		2EF31925299BEEF40064615E /* Release */ = {
			isa = XCBuildConfiguration;
			buildSettings = {
				ALWAYS_SEARCH_USER_PATHS = NO;
				CLANG_ANALYZER_NONNULL = YES;
				CLANG_ANALYZER_NUMBER_OBJECT_CONVERSION = YES_AGGRESSIVE;
				CLANG_CXX_LANGUAGE_STANDARD = "gnu++20";
				CLANG_ENABLE_MODULES = YES;
				CLANG_ENABLE_OBJC_ARC = YES;
				CLANG_ENABLE_OBJC_WEAK = YES;
				CLANG_WARN_BLOCK_CAPTURE_AUTORELEASING = YES;
				CLANG_WARN_BOOL_CONVERSION = YES;
				CLANG_WARN_COMMA = YES;
				CLANG_WARN_CONSTANT_CONVERSION = YES;
				CLANG_WARN_DEPRECATED_OBJC_IMPLEMENTATIONS = YES;
				CLANG_WARN_DIRECT_OBJC_ISA_USAGE = YES_ERROR;
				CLANG_WARN_DOCUMENTATION_COMMENTS = YES;
				CLANG_WARN_EMPTY_BODY = YES;
				CLANG_WARN_ENUM_CONVERSION = YES;
				CLANG_WARN_INFINITE_RECURSION = YES;
				CLANG_WARN_INT_CONVERSION = YES;
				CLANG_WARN_NON_LITERAL_NULL_CONVERSION = YES;
				CLANG_WARN_OBJC_IMPLICIT_RETAIN_SELF = YES;
				CLANG_WARN_OBJC_LITERAL_CONVERSION = YES;
				CLANG_WARN_OBJC_ROOT_CLASS = YES_ERROR;
				CLANG_WARN_QUOTED_INCLUDE_IN_FRAMEWORK_HEADER = YES;
				CLANG_WARN_RANGE_LOOP_ANALYSIS = YES;
				CLANG_WARN_STRICT_PROTOTYPES = YES;
				CLANG_WARN_SUSPICIOUS_MOVE = YES;
				CLANG_WARN_UNGUARDED_AVAILABILITY = YES_AGGRESSIVE;
				CLANG_WARN_UNREACHABLE_CODE = YES;
				CLANG_WARN__DUPLICATE_METHOD_MATCH = YES;
				COPY_PHASE_STRIP = NO;
				DEBUG_INFORMATION_FORMAT = "dwarf-with-dsym";
				ENABLE_NS_ASSERTIONS = NO;
				ENABLE_STRICT_OBJC_MSGSEND = YES;
				GCC_C_LANGUAGE_STANDARD = gnu11;
				GCC_NO_COMMON_BLOCKS = YES;
				GCC_WARN_64_TO_32_BIT_CONVERSION = YES;
				GCC_WARN_ABOUT_RETURN_TYPE = YES_ERROR;
				GCC_WARN_UNDECLARED_SELECTOR = YES;
				GCC_WARN_UNINITIALIZED_AUTOS = YES_AGGRESSIVE;
				GCC_WARN_UNUSED_FUNCTION = YES;
				GCC_WARN_UNUSED_VARIABLE = YES;
				IPHONEOS_DEPLOYMENT_TARGET = 16.2;
				MTL_ENABLE_DEBUG_INFO = NO;
				MTL_FAST_MATH = YES;
				SDKROOT = iphoneos;
				SWIFT_COMPILATION_MODE = wholemodule;
				SWIFT_OPTIMIZATION_LEVEL = "-O";
				VALIDATE_PRODUCT = YES;
			};
			name = Release;
		};
		2EF31927299BEEF40064615E /* Debug */ = {
			isa = XCBuildConfiguration;
			buildSettings = {
				ASSETCATALOG_COMPILER_APPICON_NAME = AppIcon;
				ASSETCATALOG_COMPILER_GLOBAL_ACCENT_COLOR_NAME = AccentColor;
				CODE_SIGN_STYLE = Automatic;
				CURRENT_PROJECT_VERSION = 1;
				DEVELOPMENT_TEAM = 4224Q87F2F;
				GENERATE_INFOPLIST_FILE = YES;
				INFOPLIST_FILE = Treads/Info.plist;
				INFOPLIST_KEY_UIApplicationSupportsIndirectInputEvents = YES;
				INFOPLIST_KEY_UILaunchStoryboardName = LaunchScreen;
				INFOPLIST_KEY_UIMainStoryboardFile = Main;
				INFOPLIST_KEY_UISupportedInterfaceOrientations_iPad = "UIInterfaceOrientationPortrait UIInterfaceOrientationPortraitUpsideDown UIInterfaceOrientationLandscapeLeft UIInterfaceOrientationLandscapeRight";
				INFOPLIST_KEY_UISupportedInterfaceOrientations_iPhone = "UIInterfaceOrientationPortrait UIInterfaceOrientationLandscapeLeft UIInterfaceOrientationLandscapeRight";
				LD_RUNPATH_SEARCH_PATHS = (
					"$(inherited)",
					"@executable_path/Frameworks",
				);
				MARKETING_VERSION = 1.0;
				PRODUCT_BUNDLE_IDENTIFIER = com.bengauger.Treads;
				PRODUCT_NAME = "$(TARGET_NAME)";
				SWIFT_EMIT_LOC_STRINGS = YES;
				SWIFT_VERSION = 5.0;
				TARGETED_DEVICE_FAMILY = "1,2";
			};
			name = Debug;
		};
		2EF31928299BEEF40064615E /* Release */ = {
			isa = XCBuildConfiguration;
			buildSettings = {
				ASSETCATALOG_COMPILER_APPICON_NAME = AppIcon;
				ASSETCATALOG_COMPILER_GLOBAL_ACCENT_COLOR_NAME = AccentColor;
				CODE_SIGN_STYLE = Automatic;
				CURRENT_PROJECT_VERSION = 1;
				DEVELOPMENT_TEAM = 4224Q87F2F;
				GENERATE_INFOPLIST_FILE = YES;
				INFOPLIST_FILE = Treads/Info.plist;
				INFOPLIST_KEY_UIApplicationSupportsIndirectInputEvents = YES;
				INFOPLIST_KEY_UILaunchStoryboardName = LaunchScreen;
				INFOPLIST_KEY_UIMainStoryboardFile = Main;
				INFOPLIST_KEY_UISupportedInterfaceOrientations_iPad = "UIInterfaceOrientationPortrait UIInterfaceOrientationPortraitUpsideDown UIInterfaceOrientationLandscapeLeft UIInterfaceOrientationLandscapeRight";
				INFOPLIST_KEY_UISupportedInterfaceOrientations_iPhone = "UIInterfaceOrientationPortrait UIInterfaceOrientationLandscapeLeft UIInterfaceOrientationLandscapeRight";
				LD_RUNPATH_SEARCH_PATHS = (
					"$(inherited)",
					"@executable_path/Frameworks",
				);
				MARKETING_VERSION = 1.0;
				PRODUCT_BUNDLE_IDENTIFIER = com.bengauger.Treads;
				PRODUCT_NAME = "$(TARGET_NAME)";
				SWIFT_EMIT_LOC_STRINGS = YES;
				SWIFT_VERSION = 5.0;
				TARGETED_DEVICE_FAMILY = "1,2";
			};
			name = Release;
		};
/* End XCBuildConfiguration section */

/* Begin XCConfigurationList section */
		2EF3190D299BEEF20064615E /* Build configuration list for PBXProject "Treads" */ = {
			isa = XCConfigurationList;
			buildConfigurations = (
				2EF31924299BEEF40064615E /* Debug */,
				2EF31925299BEEF40064615E /* Release */,
			);
			defaultConfigurationIsVisible = 0;
			defaultConfigurationName = Release;
		};
		2EF31926299BEEF40064615E /* Build configuration list for PBXNativeTarget "Treads" */ = {
			isa = XCConfigurationList;
			buildConfigurations = (
				2EF31927299BEEF40064615E /* Debug */,
				2EF31928299BEEF40064615E /* Release */,
			);
			defaultConfigurationIsVisible = 0;
			defaultConfigurationName = Release;
		};
/* End XCConfigurationList section */

/* Begin XCRemoteSwiftPackageReference section */
		2E305C4E299DAB7D0040BF54 /* XCRemoteSwiftPackageReference "realm-swift" */ = {
			isa = XCRemoteSwiftPackageReference;
			repositoryURL = "https://github.com/realm/realm-swift.git";
			requirement = {
				branch = master;
				kind = branch;
			};
		};
/* End XCRemoteSwiftPackageReference section */

/* Begin XCSwiftPackageProductDependency section */
		2E305C4F299DAB7D0040BF54 /* Realm */ = {
			isa = XCSwiftPackageProductDependency;
			package = 2E305C4E299DAB7D0040BF54 /* XCRemoteSwiftPackageReference "realm-swift" */;
			productName = Realm;
		};
		2E305C51299DAB7D0040BF54 /* RealmSwift */ = {
			isa = XCSwiftPackageProductDependency;
			package = 2E305C4E299DAB7D0040BF54 /* XCRemoteSwiftPackageReference "realm-swift" */;
			productName = RealmSwift;
		};
/* End XCSwiftPackageProductDependency section */
	};
	rootObject = 2EF3190A299BEEF20064615E /* Project object */;
}
